
Microsoft Visual Studio Solution File, Format Version 12.00
# Visual Studio Version 17
VisualStudioVersion = 17.1.32228.430
MinimumVisualStudioVersion = 10.0.40219.1
Project("{FAE04EC0-301F-11D3-BF4B-00C04F79EFBC}") = "Kuzmin_ГлазкиSave", "Kuzmin_ГлазкиSave.csproj", "{79C5D20C-6009-499B-BEE2-239DB3CF0A98}"
EndProject
Global
	GlobalSection(SolutionConfigurationPlatforms) = preSolution
		Debug|Any CPU = Debug|Any CPU
		Release|Any CPU = Release|Any CPU
	EndGlobalSection
	GlobalSection(ProjectConfigurationPlatforms) = postSolution
		{79C5D20C-6009-499B-BEE2-239DB3CF0A98}.Debug|Any CPU.ActiveCfg = Debug|Any CPU
		{79C5D20C-6009-499B-BEE2-239DB3CF0A98}.Debug|Any CPU.Build.0 = Debug|Any CPU
		{79C5D20C-6009-499B-BEE2-239DB3CF0A98}.Release|Any CPU.ActiveCfg = Release|Any CPU
		{79C5D20C-6009-499B-BEE2-239DB3CF0A98}.Release|Any CPU.Build.0 = Release|Any CPU
	EndGlobalSection
	GlobalSection(SolutionProperties) = preSolution
		HideSolutionNode = FALSE
	EndGlobalSection
	GlobalSection(ExtensibilityGlobals) = postSolution
		SolutionGuid = {C502F59C-A5FD-4A15-98B4-2511E731480D}
	EndGlobalSection
EndGlobal
